
Microsoft Visual Studio Solution File, Format Version 12.00
# Visual Studio Version 16
VisualStudioVersion = 16.0.31025.194
MinimumVisualStudioVersion = 10.0.40219.1
Project("{9A19103F-16F7-4668-BE54-9A1E7A4F7556}") = "ContosoUniversity", "ContosoUniversity.csproj", "{FDFB919B-439F-4D53-BAEB-39C91AC72C0A}"
EndProject
Global
	GlobalSection(SolutionConfigurationPlatforms) = preSolution
		Debug|Any CPU = Debug|Any CPU
		Release|Any CPU = Release|Any CPU
	EndGlobalSection
	GlobalSection(ProjectConfigurationPlatforms) = postSolution
		{FDFB919B-439F-4D53-BAEB-39C91AC72C0A}.Debug|Any CPU.ActiveCfg = Debug|Any CPU
		{FDFB919B-439F-4D53-BAEB-39C91AC72C0A}.Debug|Any CPU.Build.0 = Debug|Any CPU
		{FDFB919B-439F-4D53-BAEB-39C91AC72C0A}.Release|Any CPU.ActiveCfg = Release|Any CPU
		{FDFB919B-439F-4D53-BAEB-39C91AC72C0A}.Release|Any CPU.Build.0 = Release|Any CPU
	EndGlobalSection
	GlobalSection(SolutionProperties) = preSolution
		HideSolutionNode = FALSE
	EndGlobalSection
	GlobalSection(ExtensibilityGlobals) = postSolution
		SolutionGuid = {65BC7BE1-A878-4215-AE92-039DF519C082}
	EndGlobalSection
EndGlobal
